
Microsoft Visual Studio Solution File, Format Version 12.00
# Visual Studio Version 16
VisualStudioVersion = 16.0.31911.196
MinimumVisualStudioVersion = 10.0.40219.1
Project("{FAE04EC0-301F-11D3-BF4B-00C04F79EFBC}") = "FizzBuzzWeb", "FizzBuzzWeb.csproj", "{FDBF7A31-5E15-486D-BDEE-C9B68B4C8423}"
EndProject
Global
	GlobalSection(SolutionConfigurationPlatforms) = preSolution
		Debug|Any CPU = Debug|Any CPU
		Release|Any CPU = Release|Any CPU
	EndGlobalSection
	GlobalSection(ProjectConfigurationPlatforms) = postSolution
		{FDBF7A31-5E15-486D-BDEE-C9B68B4C8423}.Debug|Any CPU.ActiveCfg = Debug|Any CPU
		{FDBF7A31-5E15-486D-BDEE-C9B68B4C8423}.Debug|Any CPU.Build.0 = Debug|Any CPU
		{FDBF7A31-5E15-486D-BDEE-C9B68B4C8423}.Release|Any CPU.ActiveCfg = Release|Any CPU
		{FDBF7A31-5E15-486D-BDEE-C9B68B4C8423}.Release|Any CPU.Build.0 = Release|Any CPU
	EndGlobalSection
	GlobalSection(SolutionProperties) = preSolution
		HideSolutionNode = FALSE
	EndGlobalSection
	GlobalSection(ExtensibilityGlobals) = postSolution
		SolutionGuid = {E19B1D9B-CB65-44DF-B165-0C791978D005}
	EndGlobalSection
EndGlobal
